# THIS IS AN AUTOGENERATED FILE. DO NOT EDIT THIS FILE DIRECTLY.
# yarn lockfile v1


"@babel/helper-validator-identifier@^7.12.11":
  version "7.12.11"
  resolved "https://registry.npm.taobao.org/@babel/helper-validator-identifier/download/@babel/helper-validator-identifier-7.12.11.tgz#c9a1f021917dcb5ccf0d4e453e399022981fc9ed"

"@babel/parser@^7.12.0":
  version "7.13.16"
  resolved "https://registry.nlark.com/@babel/parser/download/@babel/parser-7.13.16.tgz#0f18179b0448e6939b1f3f5c4c355a3a9bcdfd37"

"@babel/types@^7.12.0":
  version "7.13.17"
  resolved "https://registry.nlark.com/@babel/types/download/@babel/types-7.13.17.tgz?cache=0&sync_timestamp=1618961099146&other_urls=https%3A%2F%2Fregistry.nlark.com%2F%40babel%2Ftypes%2Fdownload%2F%40babel%2Ftypes-7.13.17.tgz#48010a115c9fba7588b4437dd68c9469012b38b4"
  dependencies:
    "@babel/helper-validator-identifier" "^7.12.11"
    to-fast-properties "^2.0.0"

"@vue/compiler-core@3.0.11":
  version "3.0.11"
  resolved "https://registry.npm.taobao.org/@vue/compiler-core/download/@vue/compiler-core-3.0.11.tgz#5ef579e46d7b336b8735228758d1c2c505aae69a"
  dependencies:
    "@babel/parser" "^7.12.0"
    "@babel/types" "^7.12.0"
    "@vue/shared" "3.0.11"
    estree-walker "^2.0.1"
    source-map "^0.6.1"

"@vue/compiler-dom@3.0.11":
  version "3.0.11"
  resolved "https://registry.nlark.com/@vue/compiler-dom/download/@vue/compiler-dom-3.0.11.tgz#b15fc1c909371fd671746020ba55b5dab4a730ee"
  dependencies:
    "@vue/compiler-core" "3.0.11"
    "@vue/shared" "3.0.11"

"@vue/reactivity@3.0.11":
  version "3.0.11"
  resolved "https://registry.npm.taobao.org/@vue/reactivity/download/@vue/reactivity-3.0.11.tgz?cache=0&sync_timestamp=1617321201900&other_urls=https%3A%2F%2Fregistry.npm.taobao.org%2F%40vue%2Freactivity%2Fdownload%2F%40vue%2Freactivity-3.0.11.tgz#07b588349fd05626b17f3500cbef7d4bdb4dbd0b"
  dependencies:
    "@vue/shared" "3.0.11"

"@vue/runtime-core@3.0.11":
  version "3.0.11"
  resolved "https://registry.npm.taobao.org/@vue/runtime-core/download/@vue/runtime-core-3.0.11.tgz#c52dfc6acf3215493623552c1c2919080c562e44"
  dependencies:
    "@vue/reactivity" "3.0.11"
    "@vue/shared" "3.0.11"

"@vue/runtime-dom@3.0.11":
  version "3.0.11"
  resolved "https://registry.npm.taobao.org/@vue/runtime-dom/download/@vue/runtime-dom-3.0.11.tgz?cache=0&sync_timestamp=1617322690018&other_urls=https%3A%2F%2Fregistry.npm.taobao.org%2F%40vue%2Fruntime-dom%2Fdownload%2F%40vue%2Fruntime-dom-3.0.11.tgz#7a552df21907942721feb6961c418e222a699337"
  dependencies:
    "@vue/runtime-core" "3.0.11"
    "@vue/shared" "3.0.11"
    csstype "^2.6.8"

"@vue/shared@3.0.11":
  version "3.0.11"
  resolved "https://registry.npm.taobao.org/@vue/shared/download/@vue/shared-3.0.11.tgz?cache=0&sync_timestamp=1617321216740&other_urls=https%3A%2F%2Fregistry.npm.taobao.org%2F%40vue%2Fshared%2Fdownload%2F%40vue%2Fshared-3.0.11.tgz#20d22dd0da7d358bb21c17f9bde8628152642c77"

csstype@^2.6.8:
  version "2.6.17"
  resolved "https://registry.nlark.com/csstype/download/csstype-2.6.17.tgz?cache=0&sync_timestamp=1618818427821&other_urls=https%3A%2F%2Fregistry.nlark.com%2Fcsstype%2Fdownload%2Fcsstype-2.6.17.tgz#4cf30eb87e1d1a005d8b6510f95292413f6a1c0e"

estree-walker@^2.0.1:
  version "2.0.2"
  resolved "https://registry.npm.taobao.org/estree-walker/download/estree-walker-2.0.2.tgz#52f010178c2a4c117a7757cfe942adb7d2da4cac"

source-map@^0.6.1:
  version "0.6.1"
  resolved "https://registry.nlark.com/source-map/download/source-map-0.6.1.tgz?cache=0&other_urls=https%3A%2F%2Fregistry.nlark.com%2Fsource-map%2Fdownload%2Fsource-map-0.6.1.tgz#74722af32e9614e9c287a8d0bbde48b5e2f1a263"

to-fast-properties@^2.0.0:
  version "2.0.0"
  resolved "https://registry.npm.taobao.org/to-fast-properties/download/to-fast-properties-2.0.0.tgz#dc5e698cbd079265bc73e0377681a4e4e83f616e"

vue@^3.0.11:
  version "3.0.11"
  resolved "https://registry.npm.taobao.org/vue/download/vue-3.0.11.tgz?cache=0&sync_timestamp=1617321643721&other_urls=https%3A%2F%2Fregistry.npm.taobao.org%2Fvue%2Fdownload%2Fvue-3.0.11.tgz#c82f9594cbf4dcc869241d4c8dd3e08d9a8f4b5f"
  dependencies:
    "@vue/compiler-dom" "3.0.11"
    "@vue/runtime-dom" "3.0.11"
    "@vue/shared" "3.0.11"
